
Microsoft Visual Studio Solution File, Format Version 12.00
# Visual Studio Version 17
VisualStudioVersion = 17.0.31903.59
MinimumVisualStudioVersion = 10.0.40219.1
Project("{FAE04EC0-301F-11D3-BF4B-00C04F79EFBC}") = "Project001.MiddlewarePipeline", "Project001.MiddlewarePipeline\Project001.MiddlewarePipeline.csproj", "{BD4F0686-EA78-4051-B341-4F7599E8BDB0}"
EndProject
Project("{FAE04EC0-301F-11D3-BF4B-00C04F79EFBC}") = "Project002.ActionFilters", "Project002.ActionFilters\Project002.ActionFilters.csproj", "{3C71A1FD-BF31-4EF5-B4E8-2DE5785F5824}"
EndProject
Global
	GlobalSection(SolutionConfigurationPlatforms) = preSolution
		Debug|Any CPU = Debug|Any CPU
		Release|Any CPU = Release|Any CPU
	EndGlobalSection
	GlobalSection(SolutionProperties) = preSolution
		HideSolutionNode = FALSE
	EndGlobalSection
	GlobalSection(ProjectConfigurationPlatforms) = postSolution
		{BD4F0686-EA78-4051-B341-4F7599E8BDB0}.Debug|Any CPU.ActiveCfg = Debug|Any CPU
		{BD4F0686-EA78-4051-B341-4F7599E8BDB0}.Debug|Any CPU.Build.0 = Debug|Any CPU
		{BD4F0686-EA78-4051-B341-4F7599E8BDB0}.Release|Any CPU.ActiveCfg = Release|Any CPU
		{BD4F0686-EA78-4051-B341-4F7599E8BDB0}.Release|Any CPU.Build.0 = Release|Any CPU
		{3C71A1FD-BF31-4EF5-B4E8-2DE5785F5824}.Debug|Any CPU.ActiveCfg = Debug|Any CPU
		{3C71A1FD-BF31-4EF5-B4E8-2DE5785F5824}.Debug|Any CPU.Build.0 = Debug|Any CPU
		{3C71A1FD-BF31-4EF5-B4E8-2DE5785F5824}.Release|Any CPU.ActiveCfg = Release|Any CPU
		{3C71A1FD-BF31-4EF5-B4E8-2DE5785F5824}.Release|Any CPU.Build.0 = Release|Any CPU
	EndGlobalSection
EndGlobal
